
Microsoft Visual Studio Solution File, Format Version 12.00
# Visual Studio Version 17
VisualStudioVersion = 17.14.36221.1
MinimumVisualStudioVersion = 10.0.40219.1
Project("{2150E333-8FDC-42A3-9474-1A3956D46DE8}") = "Services", "Services", "{02EA681E-C7D8-13C7-8484-4AC65E1B71E8}"
EndProject
Project("{2150E333-8FDC-42A3-9474-1A3956D46DE8}") = "Catalog", "Catalog", "{7351FEB8-053B-4873-8636-792836226D43}"
EndProject
Project("{FAE04EC0-301F-11D3-BF4B-00C04F79EFBC}") = "Catalog.API", "Services\Catalog\Catelog.API\Catalog.API.csproj", "{6C26EBA4-8A62-4750-AFCC-8514F824470A}"
EndProject
Project("{2150E333-8FDC-42A3-9474-1A3956D46DE8}") = "BuildingBlocks", "BuildingBlocks", "{9DD35B66-2E6E-46B1-8987-7E2AECF08288}"
EndProject
Project("{FAE04EC0-301F-11D3-BF4B-00C04F79EFBC}") = "BuildingBlocks", "BuildingBlocks\BuildingBlocks\BuildingBlocks.csproj", "{1ECCB3BA-48FE-4B47-AC84-7518764AC35D}"
EndProject
Project("{E53339B2-1760-4266-BCC7-CA923CBCF16C}") = "docker-compose", "docker-compose.dcproj", "{81DDED9D-158B-E303-5F62-77A2896D2A5A}"
EndProject
Project("{2150E333-8FDC-42A3-9474-1A3956D46DE8}") = "Basket", "Basket", "{7C6A203F-12E5-40E9-A580-B5C07ACFE8F1}"
EndProject
Project("{FAE04EC0-301F-11D3-BF4B-00C04F79EFBC}") = "Basket.API", "Services\Basket\Basket.API\Basket.API.csproj", "{1F26AD4A-E9C9-4E44-B005-B0B894A458B5}"
EndProject
Project("{2150E333-8FDC-42A3-9474-1A3956D46DE8}") = "Discount", "Discount", "{CFB90BCC-2CE9-42CB-9B3C-D87069FD50CD}"
EndProject
Project("{FAE04EC0-301F-11D3-BF4B-00C04F79EFBC}") = "Discount.Grpc", "Services\Discount\Discount.Grpc\Discount.Grpc.csproj", "{5D53B140-264E-4E37-8472-F810FA4F8BFB}"
EndProject
Project("{2150E333-8FDC-42A3-9474-1A3956D46DE8}") = "Ordering", "Ordering", "{565312D6-3B65-4E2D-8596-F1848EAC0657}"
EndProject
Project("{FAE04EC0-301F-11D3-BF4B-00C04F79EFBC}") = "Ordering.API", "Services\Ordering\Ordering.API\Ordering.API.csproj", "{5FE50526-D45E-4DCA-A044-2BF2D8994C55}"
EndProject
Project("{FAE04EC0-301F-11D3-BF4B-00C04F79EFBC}") = "Ordering.Application", "Services\Ordering\Ordering.Application\Ordering.Application.csproj", "{775C84BE-50CE-4139-BEF5-2433292D0812}"
EndProject
Project("{FAE04EC0-301F-11D3-BF4B-00C04F79EFBC}") = "Ordering.Domain", "Services\Ordering\Ordering.Domain\Ordering.Domain.csproj", "{7042817B-3867-4672-9890-D95A5228B8CF}"
EndProject
Project("{FAE04EC0-301F-11D3-BF4B-00C04F79EFBC}") = "Ordering.Infrastructure", "Services\Ordering\Ordering.Infrastructure\Ordering.Infrastructure.csproj", "{6FF2EDAF-0471-4AFA-B1EB-5662665B45A6}"
EndProject
Project("{FAE04EC0-301F-11D3-BF4B-00C04F79EFBC}") = "BuildingBlocks.Messaging", "BuildingBlocks\BuildingBlocks.Messaging\BuildingBlocks.Messaging.csproj", "{7A342D58-B1C3-4D56-B9A7-5C102068094B}"
EndProject
Global
	GlobalSection(SolutionConfigurationPlatforms) = preSolution
		Debug|Any CPU = Debug|Any CPU
		Release|Any CPU = Release|Any CPU
	EndGlobalSection
	GlobalSection(ProjectConfigurationPlatforms) = postSolution
		{6C26EBA4-8A62-4750-AFCC-8514F824470A}.Debug|Any CPU.ActiveCfg = Debug|Any CPU
		{6C26EBA4-8A62-4750-AFCC-8514F824470A}.Debug|Any CPU.Build.0 = Debug|Any CPU
		{6C26EBA4-8A62-4750-AFCC-8514F824470A}.Release|Any CPU.ActiveCfg = Release|Any CPU
		{6C26EBA4-8A62-4750-AFCC-8514F824470A}.Release|Any CPU.Build.0 = Release|Any CPU
		{1ECCB3BA-48FE-4B47-AC84-7518764AC35D}.Debug|Any CPU.ActiveCfg = Debug|Any CPU
		{1ECCB3BA-48FE-4B47-AC84-7518764AC35D}.Debug|Any CPU.Build.0 = Debug|Any CPU
		{1ECCB3BA-48FE-4B47-AC84-7518764AC35D}.Release|Any CPU.ActiveCfg = Release|Any CPU
		{1ECCB3BA-48FE-4B47-AC84-7518764AC35D}.Release|Any CPU.Build.0 = Release|Any CPU
		{81DDED9D-158B-E303-5F62-77A2896D2A5A}.Debug|Any CPU.ActiveCfg = Debug|Any CPU
		{81DDED9D-158B-E303-5F62-77A2896D2A5A}.Debug|Any CPU.Build.0 = Debug|Any CPU
		{81DDED9D-158B-E303-5F62-77A2896D2A5A}.Release|Any CPU.ActiveCfg = Release|Any CPU
		{81DDED9D-158B-E303-5F62-77A2896D2A5A}.Release|Any CPU.Build.0 = Release|Any CPU
		{1F26AD4A-E9C9-4E44-B005-B0B894A458B5}.Debug|Any CPU.ActiveCfg = Debug|Any CPU
		{1F26AD4A-E9C9-4E44-B005-B0B894A458B5}.Debug|Any CPU.Build.0 = Debug|Any CPU
		{1F26AD4A-E9C9-4E44-B005-B0B894A458B5}.Release|Any CPU.ActiveCfg = Release|Any CPU
		{1F26AD4A-E9C9-4E44-B005-B0B894A458B5}.Release|Any CPU.Build.0 = Release|Any CPU
		{5D53B140-264E-4E37-8472-F810FA4F8BFB}.Debug|Any CPU.ActiveCfg = Debug|Any CPU
		{5D53B140-264E-4E37-8472-F810FA4F8BFB}.Debug|Any CPU.Build.0 = Debug|Any CPU
		{5D53B140-264E-4E37-8472-F810FA4F8BFB}.Release|Any CPU.ActiveCfg = Release|Any CPU
		{5D53B140-264E-4E37-8472-F810FA4F8BFB}.Release|Any CPU.Build.0 = Release|Any CPU
		{5FE50526-D45E-4DCA-A044-2BF2D8994C55}.Debug|Any CPU.ActiveCfg = Debug|Any CPU
		{5FE50526-D45E-4DCA-A044-2BF2D8994C55}.Debug|Any CPU.Build.0 = Debug|Any CPU
		{5FE50526-D45E-4DCA-A044-2BF2D8994C55}.Release|Any CPU.ActiveCfg = Release|Any CPU
		{5FE50526-D45E-4DCA-A044-2BF2D8994C55}.Release|Any CPU.Build.0 = Release|Any CPU
		{775C84BE-50CE-4139-BEF5-2433292D0812}.Debug|Any CPU.ActiveCfg = Debug|Any CPU
		{775C84BE-50CE-4139-BEF5-2433292D0812}.Debug|Any CPU.Build.0 = Debug|Any CPU
		{775C84BE-50CE-4139-BEF5-2433292D0812}.Release|Any CPU.ActiveCfg = Release|Any CPU
		{775C84BE-50CE-4139-BEF5-2433292D0812}.Release|Any CPU.Build.0 = Release|Any CPU
		{7042817B-3867-4672-9890-D95A5228B8CF}.Debug|Any CPU.ActiveCfg = Debug|Any CPU
		{7042817B-3867-4672-9890-D95A5228B8CF}.Debug|Any CPU.Build.0 = Debug|Any CPU
		{7042817B-3867-4672-9890-D95A5228B8CF}.Release|Any CPU.ActiveCfg = Release|Any CPU
		{7042817B-3867-4672-9890-D95A5228B8CF}.Release|Any CPU.Build.0 = Release|Any CPU
		{6FF2EDAF-0471-4AFA-B1EB-5662665B45A6}.Debug|Any CPU.ActiveCfg = Debug|Any CPU
		{6FF2EDAF-0471-4AFA-B1EB-5662665B45A6}.Debug|Any CPU.Build.0 = Debug|Any CPU
		{6FF2EDAF-0471-4AFA-B1EB-5662665B45A6}.Release|Any CPU.ActiveCfg = Release|Any CPU
		{6FF2EDAF-0471-4AFA-B1EB-5662665B45A6}.Release|Any CPU.Build.0 = Release|Any CPU
		{7A342D58-B1C3-4D56-B9A7-5C102068094B}.Debug|Any CPU.ActiveCfg = Debug|Any CPU
		{7A342D58-B1C3-4D56-B9A7-5C102068094B}.Debug|Any CPU.Build.0 = Debug|Any CPU
		{7A342D58-B1C3-4D56-B9A7-5C102068094B}.Release|Any CPU.ActiveCfg = Release|Any CPU
		{7A342D58-B1C3-4D56-B9A7-5C102068094B}.Release|Any CPU.Build.0 = Release|Any CPU
	EndGlobalSection
	GlobalSection(SolutionProperties) = preSolution
		HideSolutionNode = FALSE
	EndGlobalSection
	GlobalSection(NestedProjects) = preSolution
		{7351FEB8-053B-4873-8636-792836226D43} = {02EA681E-C7D8-13C7-8484-4AC65E1B71E8}
		{6C26EBA4-8A62-4750-AFCC-8514F824470A} = {7351FEB8-053B-4873-8636-792836226D43}
		{1ECCB3BA-48FE-4B47-AC84-7518764AC35D} = {9DD35B66-2E6E-46B1-8987-7E2AECF08288}
		{7C6A203F-12E5-40E9-A580-B5C07ACFE8F1} = {02EA681E-C7D8-13C7-8484-4AC65E1B71E8}
		{1F26AD4A-E9C9-4E44-B005-B0B894A458B5} = {7C6A203F-12E5-40E9-A580-B5C07ACFE8F1}
		{CFB90BCC-2CE9-42CB-9B3C-D87069FD50CD} = {02EA681E-C7D8-13C7-8484-4AC65E1B71E8}
		{5D53B140-264E-4E37-8472-F810FA4F8BFB} = {CFB90BCC-2CE9-42CB-9B3C-D87069FD50CD}
		{565312D6-3B65-4E2D-8596-F1848EAC0657} = {02EA681E-C7D8-13C7-8484-4AC65E1B71E8}
		{5FE50526-D45E-4DCA-A044-2BF2D8994C55} = {565312D6-3B65-4E2D-8596-F1848EAC0657}
		{775C84BE-50CE-4139-BEF5-2433292D0812} = {565312D6-3B65-4E2D-8596-F1848EAC0657}
		{7042817B-3867-4672-9890-D95A5228B8CF} = {565312D6-3B65-4E2D-8596-F1848EAC0657}
		{6FF2EDAF-0471-4AFA-B1EB-5662665B45A6} = {565312D6-3B65-4E2D-8596-F1848EAC0657}
		{7A342D58-B1C3-4D56-B9A7-5C102068094B} = {9DD35B66-2E6E-46B1-8987-7E2AECF08288}
	EndGlobalSection
	GlobalSection(ExtensibilityGlobals) = postSolution
		SolutionGuid = {C6550ED8-8E38-49AE-9774-85A6E2E06D0B}
	EndGlobalSection
EndGlobal
